{
  "requires": true,
  "lockfileVersion": 1,
  "dependencies": {
    "data-file-parser": {
      "version": "0.0.2",
      "resolved": "https://registry.npmjs.org/data-file-parser/-/data-file-parser-0.0.2.tgz",
      "integrity": "sha1-CFTQL6PBLYtnvqItSuFdAQESaGE=",
      "requires": {
        "q": "0.9.7"
      }
    },
    "q": {
      "version": "0.9.7",
      "resolved": "https://registry.npmjs.org/q/-/q-0.9.7.tgz",
      "integrity": "sha1-TeLmyzspCIyeTLwDv51C+5bOL3U="
    }
  }
}
